{
  "name": "cs341hw",
  "lockfileVersion": 2,
  "requires": true,
  "packages": {
    "": {
      "dependencies": {
        "hw3": "^1.0.2"
      }
    },
    "node_modules/hw3": {
      "version": "1.0.2",
      "resolved": "https://registry.npmjs.org/hw3/-/hw3-1.0.2.tgz",
      "integrity": "sha512-NFlFgokAEtCbtVYdTvF0gDm/HgSsSmCvqa5gCDkmw/LDiIfc01makHtLxpmJQFGkDZzutFgrTWEPL8Aoo+OREA=="
    }
  },
  "dependencies": {
    "hw3": {
      "version": "1.0.2",
      "resolved": "https://registry.npmjs.org/hw3/-/hw3-1.0.2.tgz",
      "integrity": "sha512-NFlFgokAEtCbtVYdTvF0gDm/HgSsSmCvqa5gCDkmw/LDiIfc01makHtLxpmJQFGkDZzutFgrTWEPL8Aoo+OREA=="
    }
  }
}
